// !$*UTF8*$!
{
	archiveVersion = 1;
	classes = {
	};
	objectVersion = 56;
	objects = {

/* Begin PBXBuildFile section */
		1115E6CA2A8A13A600700949 /* RecommendedProductsTableCell.swift in Sources */ = {isa = PBXBuildFile; fileRef = 1115E6C92A8A13A600700949 /* RecommendedProductsTableCell.swift */; };
		1115E6CC2A8A140C00700949 /* RecommendedProductsCollectionCell.swift in Sources */ = {isa = PBXBuildFile; fileRef = 1115E6CB2A8A140C00700949 /* RecommendedProductsCollectionCell.swift */; };
		1115E6CF2A8A14B500700949 /* RecommendedProductsHeaderCell.swift in Sources */ = {isa = PBXBuildFile; fileRef = 1115E6CE2A8A14B500700949 /* RecommendedProductsHeaderCell.swift */; };
		1115E6D22A8A21E200700949 /* Model.swift in Sources */ = {isa = PBXBuildFile; fileRef = 1115E6D12A8A21E200700949 /* Model.swift */; };
		1115E6D62A8A91D800700949 /* SweetTableCell.swift in Sources */ = {isa = PBXBuildFile; fileRef = 1115E6D52A8A91D800700949 /* SweetTableCell.swift */; };
		1115E6D82A8A9B5900700949 /* TabBarController.swift in Sources */ = {isa = PBXBuildFile; fileRef = 1115E6D72A8A9B5900700949 /* TabBarController.swift */; };
		113A08042A88D56E009A4893 /* AppDelegate.swift in Sources */ = {isa = PBXBuildFile; fileRef = 113A08032A88D56E009A4893 /* AppDelegate.swift */; };
		113A08062A88D56E009A4893 /* SceneDelegate.swift in Sources */ = {isa = PBXBuildFile; fileRef = 113A08052A88D56E009A4893 /* SceneDelegate.swift */; };
		113A08082A88D56E009A4893 /* MainViewController.swift in Sources */ = {isa = PBXBuildFile; fileRef = 113A08072A88D56E009A4893 /* MainViewController.swift */; };
		113A080B2A88D56E009A4893 /* Main.storyboard in Resources */ = {isa = PBXBuildFile; fileRef = 113A08092A88D56E009A4893 /* Main.storyboard */; };
		113A080D2A88D56F009A4893 /* Assets.xcassets in Resources */ = {isa = PBXBuildFile; fileRef = 113A080C2A88D56F009A4893 /* Assets.xcassets */; };
		113A08102A88D56F009A4893 /* LaunchScreen.storyboard in Resources */ = {isa = PBXBuildFile; fileRef = 113A080E2A88D56F009A4893 /* LaunchScreen.storyboard */; };
		113A081F2A88DF83009A4893 /* StoriesCollectionViewCell.swift in Sources */ = {isa = PBXBuildFile; fileRef = 113A081E2A88DF83009A4893 /* StoriesCollectionViewCell.swift */; };
		113A08212A88EB78009A4893 /* DiscountCollectionViewCell.swift in Sources */ = {isa = PBXBuildFile; fileRef = 113A08202A88EB78009A4893 /* DiscountCollectionViewCell.swift */; };
		113A08232A88ECA3009A4893 /* StoriesTableCell.swift in Sources */ = {isa = PBXBuildFile; fileRef = 113A08222A88ECA3009A4893 /* StoriesTableCell.swift */; };
		113A08252A88ECFA009A4893 /* DiscountTableCell.swift in Sources */ = {isa = PBXBuildFile; fileRef = 113A08242A88ECFA009A4893 /* DiscountTableCell.swift */; };
		113A08292A8941D1009A4893 /* DeliveryTableCell.swift in Sources */ = {isa = PBXBuildFile; fileRef = 113A08282A8941D1009A4893 /* DeliveryTableCell.swift */; };
		113A082B2A89423A009A4893 /* DeliveryCollectionViewCell.swift in Sources */ = {isa = PBXBuildFile; fileRef = 113A082A2A89423A009A4893 /* DeliveryCollectionViewCell.swift */; };
		113A082D2A8946EB009A4893 /* PointsTableCell.swift in Sources */ = {isa = PBXBuildFile; fileRef = 113A082C2A8946EB009A4893 /* PointsTableCell.swift */; };
		113A082F2A894710009A4893 /* PointsCollectionViewCell.swift in Sources */ = {isa = PBXBuildFile; fileRef = 113A082E2A894710009A4893 /* PointsCollectionViewCell.swift */; };
/* End PBXBuildFile section */

/* Begin PBXFileReference section */
		1115E6C92A8A13A600700949 /* RecommendedProductsTableCell.swift */ = {isa = PBXFileReference; lastKnownFileType = sourcecode.swift; path = RecommendedProductsTableCell.swift; sourceTree = "<group>"; };
		1115E6CB2A8A140C00700949 /* RecommendedProductsCollectionCell.swift */ = {isa = PBXFileReference; lastKnownFileType = sourcecode.swift; path = RecommendedProductsCollectionCell.swift; sourceTree = "<group>"; };
		1115E6CE2A8A14B500700949 /* RecommendedProductsHeaderCell.swift */ = {isa = PBXFileReference; lastKnownFileType = sourcecode.swift; path = RecommendedProductsHeaderCell.swift; sourceTree = "<group>"; };
		1115E6D12A8A21E200700949 /* Model.swift */ = {isa = PBXFileReference; lastKnownFileType = sourcecode.swift; path = Model.swift; sourceTree = "<group>"; };
		1115E6D52A8A91D800700949 /* SweetTableCell.swift */ = {isa = PBXFileReference; lastKnownFileType = sourcecode.swift; path = SweetTableCell.swift; sourceTree = "<group>"; };
		1115E6D72A8A9B5900700949 /* TabBarController.swift */ = {isa = PBXFileReference; lastKnownFileType = sourcecode.swift; path = TabBarController.swift; sourceTree = "<group>"; };
		113A08002A88D56E009A4893 /* MySpar.app */ = {isa = PBXFileReference; explicitFileType = wrapper.application; includeInIndex = 0; path = MySpar.app; sourceTree = BUILT_PRODUCTS_DIR; };
		113A08032A88D56E009A4893 /* AppDelegate.swift */ = {isa = PBXFileReference; lastKnownFileType = sourcecode.swift; path = AppDelegate.swift; sourceTree = "<group>"; };
		113A08052A88D56E009A4893 /* SceneDelegate.swift */ = {isa = PBXFileReference; lastKnownFileType = sourcecode.swift; path = SceneDelegate.swift; sourceTree = "<group>"; };
		113A08072A88D56E009A4893 /* MainViewController.swift */ = {isa = PBXFileReference; lastKnownFileType = sourcecode.swift; path = MainViewController.swift; sourceTree = "<group>"; };
		113A080A2A88D56E009A4893 /* Base */ = {isa = PBXFileReference; lastKnownFileType = file.storyboard; name = Base; path = Base.lproj/Main.storyboard; sourceTree = "<group>"; };
		113A080C2A88D56F009A4893 /* Assets.xcassets */ = {isa = PBXFileReference; lastKnownFileType = folder.assetcatalog; path = Assets.xcassets; sourceTree = "<group>"; };
		113A080F2A88D56F009A4893 /* Base */ = {isa = PBXFileReference; lastKnownFileType = file.storyboard; name = Base; path = Base.lproj/LaunchScreen.storyboard; sourceTree = "<group>"; };
		113A08112A88D56F009A4893 /* Info.plist */ = {isa = PBXFileReference; lastKnownFileType = text.plist.xml; path = Info.plist; sourceTree = "<group>"; };
		113A081E2A88DF83009A4893 /* StoriesCollectionViewCell.swift */ = {isa = PBXFileReference; lastKnownFileType = sourcecode.swift; path = StoriesCollectionViewCell.swift; sourceTree = "<group>"; };
		113A08202A88EB78009A4893 /* DiscountCollectionViewCell.swift */ = {isa = PBXFileReference; lastKnownFileType = sourcecode.swift; path = DiscountCollectionViewCell.swift; sourceTree = "<group>"; };
		113A08222A88ECA3009A4893 /* StoriesTableCell.swift */ = {isa = PBXFileReference; lastKnownFileType = sourcecode.swift; path = StoriesTableCell.swift; sourceTree = "<group>"; };
		113A08242A88ECFA009A4893 /* DiscountTableCell.swift */ = {isa = PBXFileReference; lastKnownFileType = sourcecode.swift; path = DiscountTableCell.swift; sourceTree = "<group>"; };
		113A08282A8941D1009A4893 /* DeliveryTableCell.swift */ = {isa = PBXFileReference; lastKnownFileType = sourcecode.swift; path = DeliveryTableCell.swift; sourceTree = "<group>"; };
		113A082A2A89423A009A4893 /* DeliveryCollectionViewCell.swift */ = {isa = PBXFileReference; lastKnownFileType = sourcecode.swift; path = DeliveryCollectionViewCell.swift; sourceTree = "<group>"; };
		113A082C2A8946EB009A4893 /* PointsTableCell.swift */ = {isa = PBXFileReference; lastKnownFileType = sourcecode.swift; path = PointsTableCell.swift; sourceTree = "<group>"; };
		113A082E2A894710009A4893 /* PointsCollectionViewCell.swift */ = {isa = PBXFileReference; lastKnownFileType = sourcecode.swift; path = PointsCollectionViewCell.swift; sourceTree = "<group>"; };
/* End PBXFileReference section */

/* Begin PBXFrameworksBuildPhase section */
		113A07FD2A88D56E009A4893 /* Frameworks */ = {
			isa = PBXFrameworksBuildPhase;
			buildActionMask = 2147483647;
			files = (
			);
			runOnlyForDeploymentPostprocessing = 0;
		};
/* End PBXFrameworksBuildPhase section */

/* Begin PBXGroup section */
		1115E6CD2A8A148F00700949 /* Headers */ = {
			isa = PBXGroup;
			children = (
				1115E6CE2A8A14B500700949 /* RecommendedProductsHeaderCell.swift */,
			);
			path = Headers;
			sourceTree = "<group>";
		};
		1115E6D02A8A21CB00700949 /* Models */ = {
			isa = PBXGroup;
			children = (
				1115E6D12A8A21E200700949 /* Model.swift */,
			);
			path = Models;
			sourceTree = "<group>";
		};
		113A07F72A88D56E009A4893 = {
			isa = PBXGroup;
			children = (
				113A08022A88D56E009A4893 /* MySpar */,
				113A08012A88D56E009A4893 /* Products */,
			);
			sourceTree = "<group>";
		};
		113A08012A88D56E009A4893 /* Products */ = {
			isa = PBXGroup;
			children = (
				113A08002A88D56E009A4893 /* MySpar.app */,
			);
			name = Products;
			sourceTree = "<group>";
		};
		113A08022A88D56E009A4893 /* MySpar */ = {
			isa = PBXGroup;
			children = (
				113A08032A88D56E009A4893 /* AppDelegate.swift */,
				113A08052A88D56E009A4893 /* SceneDelegate.swift */,
				113A08172A88D580009A4893 /* MainModule */,
				113A08092A88D56E009A4893 /* Main.storyboard */,
				113A080C2A88D56F009A4893 /* Assets.xcassets */,
				113A080E2A88D56F009A4893 /* LaunchScreen.storyboard */,
				113A08112A88D56F009A4893 /* Info.plist */,
			);
			path = MySpar;
			sourceTree = "<group>";
		};
		113A08172A88D580009A4893 /* MainModule */ = {
			isa = PBXGroup;
			children = (
				1115E6D02A8A21CB00700949 /* Models */,
				113A08182A88D58B009A4893 /* Views */,
				113A08192A88D593009A4893 /* Controllers */,
			);
			path = MainModule;
			sourceTree = "<group>";
		};
		113A08182A88D58B009A4893 /* Views */ = {
			isa = PBXGroup;
			children = (
				1115E6CD2A8A148F00700949 /* Headers */,
				113A08262A891782009A4893 /* TableCells */,
				113A08272A891791009A4893 /* CollectionCells */,
			);
			path = Views;
			sourceTree = "<group>";
		};
		113A08192A88D593009A4893 /* Controllers */ = {
			isa = PBXGroup;
			children = (
				113A08072A88D56E009A4893 /* MainViewController.swift */,
				1115E6D72A8A9B5900700949 /* TabBarController.swift */,
			);
			path = Controllers;
			sourceTree = "<group>";
		};
		113A08262A891782009A4893 /* TableCells */ = {
			isa = PBXGroup;
			children = (
				113A08222A88ECA3009A4893 /* StoriesTableCell.swift */,
				113A08242A88ECFA009A4893 /* DiscountTableCell.swift */,
				113A082C2A8946EB009A4893 /* PointsTableCell.swift */,
				113A08282A8941D1009A4893 /* DeliveryTableCell.swift */,
				1115E6C92A8A13A600700949 /* RecommendedProductsTableCell.swift */,
				1115E6D52A8A91D800700949 /* SweetTableCell.swift */,
			);
			path = TableCells;
			sourceTree = "<group>";
		};
		113A08272A891791009A4893 /* CollectionCells */ = {
			isa = PBXGroup;
			children = (
				113A081E2A88DF83009A4893 /* StoriesCollectionViewCell.swift */,
				113A08202A88EB78009A4893 /* DiscountCollectionViewCell.swift */,
				113A082E2A894710009A4893 /* PointsCollectionViewCell.swift */,
				113A082A2A89423A009A4893 /* DeliveryCollectionViewCell.swift */,
				1115E6CB2A8A140C00700949 /* RecommendedProductsCollectionCell.swift */,
			);
			path = CollectionCells;
			sourceTree = "<group>";
		};
/* End PBXGroup section */

/* Begin PBXNativeTarget section */
		113A07FF2A88D56E009A4893 /* MySpar */ = {
			isa = PBXNativeTarget;
			buildConfigurationList = 113A08142A88D56F009A4893 /* Build configuration list for PBXNativeTarget "MySpar" */;
			buildPhases = (
				113A07FC2A88D56E009A4893 /* Sources */,
				113A07FD2A88D56E009A4893 /* Frameworks */,
				113A07FE2A88D56E009A4893 /* Resources */,
			);
			buildRules = (
			);
			dependencies = (
			);
			name = MySpar;
			productName = MySpar;
			productReference = 113A08002A88D56E009A4893 /* MySpar.app */;
			productType = "com.apple.product-type.application";
		};
/* End PBXNativeTarget section */

/* Begin PBXProject section */
		113A07F82A88D56E009A4893 /* Project object */ = {
			isa = PBXProject;
			attributes = {
				BuildIndependentTargetsInParallel = 1;
				LastSwiftUpdateCheck = 1430;
				LastUpgradeCheck = 1430;
				TargetAttributes = {
					113A07FF2A88D56E009A4893 = {
						CreatedOnToolsVersion = 14.3.1;
					};
				};
			};
			buildConfigurationList = 113A07FB2A88D56E009A4893 /* Build configuration list for PBXProject "MySpar" */;
			compatibilityVersion = "Xcode 14.0";
			developmentRegion = en;
			hasScannedForEncodings = 0;
			knownRegions = (
				en,
				Base,
			);
			mainGroup = 113A07F72A88D56E009A4893;
			productRefGroup = 113A08012A88D56E009A4893 /* Products */;
			projectDirPath = "";
			projectRoot = "";
			targets = (
				113A07FF2A88D56E009A4893 /* MySpar */,
			);
		};
/* End PBXProject section */

/* Begin PBXResourcesBuildPhase section */
		113A07FE2A88D56E009A4893 /* Resources */ = {
			isa = PBXResourcesBuildPhase;
			buildActionMask = 2147483647;
			files = (
				113A08102A88D56F009A4893 /* LaunchScreen.storyboard in Resources */,
				113A080D2A88D56F009A4893 /* Assets.xcassets in Resources */,
				113A080B2A88D56E009A4893 /* Main.storyboard in Resources */,
			);
			runOnlyForDeploymentPostprocessing = 0;
		};
/* End PBXResourcesBuildPhase section */

/* Begin PBXSourcesBuildPhase section */
		113A07FC2A88D56E009A4893 /* Sources */ = {
			isa = PBXSourcesBuildPhase;
			buildActionMask = 2147483647;
			files = (
				1115E6D22A8A21E200700949 /* Model.swift in Sources */,
				1115E6CF2A8A14B500700949 /* RecommendedProductsHeaderCell.swift in Sources */,
				1115E6CA2A8A13A600700949 /* RecommendedProductsTableCell.swift in Sources */,
				113A08082A88D56E009A4893 /* MainViewController.swift in Sources */,
				113A082B2A89423A009A4893 /* DeliveryCollectionViewCell.swift in Sources */,
				113A08042A88D56E009A4893 /* AppDelegate.swift in Sources */,
				1115E6D82A8A9B5900700949 /* TabBarController.swift in Sources */,
				113A081F2A88DF83009A4893 /* StoriesCollectionViewCell.swift in Sources */,
				113A08062A88D56E009A4893 /* SceneDelegate.swift in Sources */,
				1115E6CC2A8A140C00700949 /* RecommendedProductsCollectionCell.swift in Sources */,
				113A08232A88ECA3009A4893 /* StoriesTableCell.swift in Sources */,
				113A082F2A894710009A4893 /* PointsCollectionViewCell.swift in Sources */,
				113A08212A88EB78009A4893 /* DiscountCollectionViewCell.swift in Sources */,
				113A082D2A8946EB009A4893 /* PointsTableCell.swift in Sources */,
				113A08292A8941D1009A4893 /* DeliveryTableCell.swift in Sources */,
				113A08252A88ECFA009A4893 /* DiscountTableCell.swift in Sources */,
				1115E6D62A8A91D800700949 /* SweetTableCell.swift in Sources */,
			);
			runOnlyForDeploymentPostprocessing = 0;
		};
/* End PBXSourcesBuildPhase section */

/* Begin PBXVariantGroup section */
		113A08092A88D56E009A4893 /* Main.storyboard */ = {
			isa = PBXVariantGroup;
			children = (
				113A080A2A88D56E009A4893 /* Base */,
			);
			name = Main.storyboard;
			sourceTree = "<group>";
		};
		113A080E2A88D56F009A4893 /* LaunchScreen.storyboard */ = {
			isa = PBXVariantGroup;
			children = (
				113A080F2A88D56F009A4893 /* Base */,
			);
			name = LaunchScreen.storyboard;
			sourceTree = "<group>";
		};
/* End PBXVariantGroup section */

/* Begin XCBuildConfiguration section */
		113A08122A88D56F009A4893 /* Debug */ = {
			isa = XCBuildConfiguration;
			buildSettings = {
				ALWAYS_SEARCH_USER_PATHS = NO;
				CLANG_ANALYZER_NONNULL = YES;
				CLANG_ANALYZER_NUMBER_OBJECT_CONVERSION = YES_AGGRESSIVE;
				CLANG_CXX_LANGUAGE_STANDARD = "gnu++20";
				CLANG_ENABLE_MODULES = YES;
				CLANG_ENABLE_OBJC_ARC = YES;
				CLANG_ENABLE_OBJC_WEAK = YES;
				CLANG_WARN_BLOCK_CAPTURE_AUTORELEASING = YES;
				CLANG_WARN_BOOL_CONVERSION = YES;
				CLANG_WARN_COMMA = YES;
				CLANG_WARN_CONSTANT_CONVERSION = YES;
				CLANG_WARN_DEPRECATED_OBJC_IMPLEMENTATIONS = YES;
				CLANG_WARN_DIRECT_OBJC_ISA_USAGE = YES_ERROR;
				CLANG_WARN_DOCUMENTATION_COMMENTS = YES;
				CLANG_WARN_EMPTY_BODY = YES;
				CLANG_WARN_ENUM_CONVERSION = YES;
				CLANG_WARN_INFINITE_RECURSION = YES;
				CLANG_WARN_INT_CONVERSION = YES;
				CLANG_WARN_NON_LITERAL_NULL_CONVERSION = YES;
				CLANG_WARN_OBJC_IMPLICIT_RETAIN_SELF = YES;
				CLANG_WARN_OBJC_LITERAL_CONVERSION = YES;
				CLANG_WARN_OBJC_ROOT_CLASS = YES_ERROR;
				CLANG_WARN_QUOTED_INCLUDE_IN_FRAMEWORK_HEADER = YES;
				CLANG_WARN_RANGE_LOOP_ANALYSIS = YES;
				CLANG_WARN_STRICT_PROTOTYPES = YES;
				CLANG_WARN_SUSPICIOUS_MOVE = YES;
				CLANG_WARN_UNGUARDED_AVAILABILITY = YES_AGGRESSIVE;
				CLANG_WARN_UNREACHABLE_CODE = YES;
				CLANG_WARN__DUPLICATE_METHOD_MATCH = YES;
				COPY_PHASE_STRIP = NO;
				DEBUG_INFORMATION_FORMAT = dwarf;
				ENABLE_STRICT_OBJC_MSGSEND = YES;
				ENABLE_TESTABILITY = YES;
				GCC_C_LANGUAGE_STANDARD = gnu11;
				GCC_DYNAMIC_NO_PIC = NO;
				GCC_NO_COMMON_BLOCKS = YES;
				GCC_OPTIMIZATION_LEVEL = 0;
				GCC_PREPROCESSOR_DEFINITIONS = (
					"DEBUG=1",
					"$(inherited)",
				);
				GCC_WARN_64_TO_32_BIT_CONVERSION = YES;
				GCC_WARN_ABOUT_RETURN_TYPE = YES_ERROR;
				GCC_WARN_UNDECLARED_SELECTOR = YES;
				GCC_WARN_UNINITIALIZED_AUTOS = YES_AGGRESSIVE;
				GCC_WARN_UNUSED_FUNCTION = YES;
				GCC_WARN_UNUSED_VARIABLE = YES;
				IPHONEOS_DEPLOYMENT_TARGET = 16.4;
				MTL_ENABLE_DEBUG_INFO = INCLUDE_SOURCE;
				MTL_FAST_MATH = YES;
				ONLY_ACTIVE_ARCH = YES;
				SDKROOT = iphoneos;
				SWIFT_ACTIVE_COMPILATION_CONDITIONS = DEBUG;
				SWIFT_OPTIMIZATION_LEVEL = "-Onone";
			};
			name = Debug;
		};
		113A08132A88D56F009A4893 /* Release */ = {
			isa = XCBuildConfiguration;
			buildSettings = {
				ALWAYS_SEARCH_USER_PATHS = NO;
				CLANG_ANALYZER_NONNULL = YES;
				CLANG_ANALYZER_NUMBER_OBJECT_CONVERSION = YES_AGGRESSIVE;
				CLANG_CXX_LANGUAGE_STANDARD = "gnu++20";
				CLANG_ENABLE_MODULES = YES;
				CLANG_ENABLE_OBJC_ARC = YES;
				CLANG_ENABLE_OBJC_WEAK = YES;
				CLANG_WARN_BLOCK_CAPTURE_AUTORELEASING = YES;
				CLANG_WARN_BOOL_CONVERSION = YES;
				CLANG_WARN_COMMA = YES;
				CLANG_WARN_CONSTANT_CONVERSION = YES;
				CLANG_WARN_DEPRECATED_OBJC_IMPLEMENTATIONS = YES;
				CLANG_WARN_DIRECT_OBJC_ISA_USAGE = YES_ERROR;
				CLANG_WARN_DOCUMENTATION_COMMENTS = YES;
				CLANG_WARN_EMPTY_BODY = YES;
				CLANG_WARN_ENUM_CONVERSION = YES;
				CLANG_WARN_INFINITE_RECURSION = YES;
				CLANG_WARN_INT_CONVERSION = YES;
				CLANG_WARN_NON_LITERAL_NULL_CONVERSION = YES;
				CLANG_WARN_OBJC_IMPLICIT_RETAIN_SELF = YES;
				CLANG_WARN_OBJC_LITERAL_CONVERSION = YES;
				CLANG_WARN_OBJC_ROOT_CLASS = YES_ERROR;
				CLANG_WARN_QUOTED_INCLUDE_IN_FRAMEWORK_HEADER = YES;
				CLANG_WARN_RANGE_LOOP_ANALYSIS = YES;
				CLANG_WARN_STRICT_PROTOTYPES = YES;
				CLANG_WARN_SUSPICIOUS_MOVE = YES;
				CLANG_WARN_UNGUARDED_AVAILABILITY = YES_AGGRESSIVE;
				CLANG_WARN_UNREACHABLE_CODE = YES;
				CLANG_WARN__DUPLICATE_METHOD_MATCH = YES;
				COPY_PHASE_STRIP = NO;
				DEBUG_INFORMATION_FORMAT = "dwarf-with-dsym";
				ENABLE_NS_ASSERTIONS = NO;
				ENABLE_STRICT_OBJC_MSGSEND = YES;
				GCC_C_LANGUAGE_STANDARD = gnu11;
				GCC_NO_COMMON_BLOCKS = YES;
				GCC_WARN_64_TO_32_BIT_CONVERSION = YES;
				GCC_WARN_ABOUT_RETURN_TYPE = YES_ERROR;
				GCC_WARN_UNDECLARED_SELECTOR = YES;
				GCC_WARN_UNINITIALIZED_AUTOS = YES_AGGRESSIVE;
				GCC_WARN_UNUSED_FUNCTION = YES;
				GCC_WARN_UNUSED_VARIABLE = YES;
				IPHONEOS_DEPLOYMENT_TARGET = 16.4;
				MTL_ENABLE_DEBUG_INFO = NO;
				MTL_FAST_MATH = YES;
				SDKROOT = iphoneos;
				SWIFT_COMPILATION_MODE = wholemodule;
				SWIFT_OPTIMIZATION_LEVEL = "-O";
				VALIDATE_PRODUCT = YES;
			};
			name = Release;
		};
		113A08152A88D56F009A4893 /* Debug */ = {
			isa = XCBuildConfiguration;
			buildSettings = {
				ASSETCATALOG_COMPILER_APPICON_NAME = AppIcon;
				ASSETCATALOG_COMPILER_GLOBAL_ACCENT_COLOR_NAME = AccentColor;
				CODE_SIGN_STYLE = Automatic;
				CURRENT_PROJECT_VERSION = 1;
				DEVELOPMENT_TEAM = 33CHCHT3CL;
				GENERATE_INFOPLIST_FILE = YES;
				INFOPLIST_FILE = MySpar/Info.plist;
				INFOPLIST_KEY_UIApplicationSupportsIndirectInputEvents = YES;
				INFOPLIST_KEY_UILaunchStoryboardName = LaunchScreen;
				INFOPLIST_KEY_UIMainStoryboardFile = Main;
				INFOPLIST_KEY_UISupportedInterfaceOrientations = UIInterfaceOrientationPortrait;
				INFOPLIST_KEY_UISupportedInterfaceOrientations_iPad = "UIInterfaceOrientationLandscapeLeft UIInterfaceOrientationLandscapeRight UIInterfaceOrientationPortrait UIInterfaceOrientationPortraitUpsideDown";
				IPHONEOS_DEPLOYMENT_TARGET = 14.0;
				LD_RUNPATH_SEARCH_PATHS = (
					"$(inherited)",
					"@executable_path/Frameworks",
				);
				MARKETING_VERSION = 1.0;
				PRODUCT_BUNDLE_IDENTIFIER = com..MySpar;
				PRODUCT_NAME = "$(TARGET_NAME)";
				SWIFT_EMIT_LOC_STRINGS = YES;
				SWIFT_VERSION = 5.0;
				TARGETED_DEVICE_FAMILY = "1,2";
			};
			name = Debug;
		};
		113A08162A88D56F009A4893 /* Release */ = {
			isa = XCBuildConfiguration;
			buildSettings = {
				ASSETCATALOG_COMPILER_APPICON_NAME = AppIcon;
				ASSETCATALOG_COMPILER_GLOBAL_ACCENT_COLOR_NAME = AccentColor;
				CODE_SIGN_STYLE = Automatic;
				CURRENT_PROJECT_VERSION = 1;
				DEVELOPMENT_TEAM = 33CHCHT3CL;
				GENERATE_INFOPLIST_FILE = YES;
				INFOPLIST_FILE = MySpar/Info.plist;
				INFOPLIST_KEY_UIApplicationSupportsIndirectInputEvents = YES;
				INFOPLIST_KEY_UILaunchStoryboardName = LaunchScreen;
				INFOPLIST_KEY_UIMainStoryboardFile = Main;
				INFOPLIST_KEY_UISupportedInterfaceOrientations = UIInterfaceOrientationPortrait;
				INFOPLIST_KEY_UISupportedInterfaceOrientations_iPad = "UIInterfaceOrientationLandscapeLeft UIInterfaceOrientationLandscapeRight UIInterfaceOrientationPortrait UIInterfaceOrientationPortraitUpsideDown";
				IPHONEOS_DEPLOYMENT_TARGET = 14.0;
				LD_RUNPATH_SEARCH_PATHS = (
					"$(inherited)",
					"@executable_path/Frameworks",
				);
				MARKETING_VERSION = 1.0;
				PRODUCT_BUNDLE_IDENTIFIER = com..MySpar;
				PRODUCT_NAME = "$(TARGET_NAME)";
				SWIFT_EMIT_LOC_STRINGS = YES;
				SWIFT_VERSION = 5.0;
				TARGETED_DEVICE_FAMILY = "1,2";
			};
			name = Release;
		};
/* End XCBuildConfiguration section */

/* Begin XCConfigurationList section */
		113A07FB2A88D56E009A4893 /* Build configuration list for PBXProject "MySpar" */ = {
			isa = XCConfigurationList;
			buildConfigurations = (
				113A08122A88D56F009A4893 /* Debug */,
				113A08132A88D56F009A4893 /* Release */,
			);
			defaultConfigurationIsVisible = 0;
			defaultConfigurationName = Release;
		};
		113A08142A88D56F009A4893 /* Build configuration list for PBXNativeTarget "MySpar" */ = {
			isa = XCConfigurationList;
			buildConfigurations = (
				113A08152A88D56F009A4893 /* Debug */,
				113A08162A88D56F009A4893 /* Release */,
			);
			defaultConfigurationIsVisible = 0;
			defaultConfigurationName = Release;
		};
/* End XCConfigurationList section */
	};
	rootObject = 113A07F82A88D56E009A4893 /* Project object */;
}
